
Microsoft Visual Studio Solution File, Format Version 12.00
# Visual Studio Version 16
VisualStudioVersion = 16.0.30204.135
MinimumVisualStudioVersion = 10.0.40219.1
Project("{FAE04EC0-301F-11D3-BF4B-00C04F79EFBC}") = "Invoicer.Standard", "Invoicer.Standard\Invoicer.Standard.csproj", "{6F5EF8B7-0021-4706-BB91-F618EAADEBA5}"
EndProject
Project("{FAE04EC0-301F-11D3-BF4B-00C04F79EFBC}") = "Invoicer.Standard.Console", "Invoicer.Standard.Console\Invoicer.Standard.Console.csproj", "{B4B3E9AE-749A-46C8-B5A6-BF0E940E4B98}"
EndProject
Global
	GlobalSection(SolutionConfigurationPlatforms) = preSolution
		Debug|Any CPU = Debug|Any CPU
		Release|Any CPU = Release|Any CPU
	EndGlobalSection
	GlobalSection(ProjectConfigurationPlatforms) = postSolution
		{6F5EF8B7-0021-4706-BB91-F618EAADEBA5}.Debug|Any CPU.ActiveCfg = Debug|Any CPU
		{6F5EF8B7-0021-4706-BB91-F618EAADEBA5}.Debug|Any CPU.Build.0 = Debug|Any CPU
		{6F5EF8B7-0021-4706-BB91-F618EAADEBA5}.Release|Any CPU.ActiveCfg = Release|Any CPU
		{6F5EF8B7-0021-4706-BB91-F618EAADEBA5}.Release|Any CPU.Build.0 = Release|Any CPU
		{B4B3E9AE-749A-46C8-B5A6-BF0E940E4B98}.Debug|Any CPU.ActiveCfg = Debug|Any CPU
		{B4B3E9AE-749A-46C8-B5A6-BF0E940E4B98}.Debug|Any CPU.Build.0 = Debug|Any CPU
		{B4B3E9AE-749A-46C8-B5A6-BF0E940E4B98}.Release|Any CPU.ActiveCfg = Release|Any CPU
		{B4B3E9AE-749A-46C8-B5A6-BF0E940E4B98}.Release|Any CPU.Build.0 = Release|Any CPU
	EndGlobalSection
	GlobalSection(SolutionProperties) = preSolution
		HideSolutionNode = FALSE
	EndGlobalSection
	GlobalSection(ExtensibilityGlobals) = postSolution
		SolutionGuid = {8DF6743D-6FEA-45AD-A35E-84F57C0E8681}
	EndGlobalSection
EndGlobal
